
Microsoft Visual Studio Solution File, Format Version 12.00
# Visual Studio Version 17
VisualStudioVersion = 17.11.35312.102
MinimumVisualStudioVersion = 10.0.40219.1
Project("{9A19103F-16F7-4668-BE54-9A1E7A4F7556}") = "WebApplication1", "WebApplication1\WebApplication1.csproj", "{D3AB4E32-E303-48E0-8D5C-C178BCA00233}"
EndProject
Project("{FAE04EC0-301F-11D3-BF4B-00C04F79EFBC}") = "CapaDatos", "CapaDatos\CapaDatos.csproj", "{602FD7D7-8C36-4ED6-ADA7-287081562853}"
EndProject
Project("{FAE04EC0-301F-11D3-BF4B-00C04F79EFBC}") = "CAPAVISTA", "CAPAVISTA\CAPAVISTA.csproj", "{1C4E2ADD-A7DD-4B94-8811-3DFBCB0E20D8}"
EndProject
Global
	GlobalSection(SolutionConfigurationPlatforms) = preSolution
		Debug|Any CPU = Debug|Any CPU
		Release|Any CPU = Release|Any CPU
	EndGlobalSection
	GlobalSection(ProjectConfigurationPlatforms) = postSolution
		{D3AB4E32-E303-48E0-8D5C-C178BCA00233}.Debug|Any CPU.ActiveCfg = Debug|Any CPU
		{D3AB4E32-E303-48E0-8D5C-C178BCA00233}.Debug|Any CPU.Build.0 = Debug|Any CPU
		{D3AB4E32-E303-48E0-8D5C-C178BCA00233}.Release|Any CPU.ActiveCfg = Release|Any CPU
		{D3AB4E32-E303-48E0-8D5C-C178BCA00233}.Release|Any CPU.Build.0 = Release|Any CPU
		{602FD7D7-8C36-4ED6-ADA7-287081562853}.Debug|Any CPU.ActiveCfg = Debug|Any CPU
		{602FD7D7-8C36-4ED6-ADA7-287081562853}.Debug|Any CPU.Build.0 = Debug|Any CPU
		{602FD7D7-8C36-4ED6-ADA7-287081562853}.Release|Any CPU.ActiveCfg = Release|Any CPU
		{602FD7D7-8C36-4ED6-ADA7-287081562853}.Release|Any CPU.Build.0 = Release|Any CPU
		{1C4E2ADD-A7DD-4B94-8811-3DFBCB0E20D8}.Debug|Any CPU.ActiveCfg = Debug|Any CPU
		{1C4E2ADD-A7DD-4B94-8811-3DFBCB0E20D8}.Debug|Any CPU.Build.0 = Debug|Any CPU
		{1C4E2ADD-A7DD-4B94-8811-3DFBCB0E20D8}.Release|Any CPU.ActiveCfg = Release|Any CPU
		{1C4E2ADD-A7DD-4B94-8811-3DFBCB0E20D8}.Release|Any CPU.Build.0 = Release|Any CPU
	EndGlobalSection
	GlobalSection(SolutionProperties) = preSolution
		HideSolutionNode = FALSE
	EndGlobalSection
	GlobalSection(ExtensibilityGlobals) = postSolution
		SolutionGuid = {EE8FAFFA-5AE0-4B64-A605-A029E1A5BDAC}
	EndGlobalSection
EndGlobal
